// !$*UTF8*$!
{
	archiveVersion = 1;
	classes = {
	};
	objectVersion = 50;
	objects = {

/* Begin PBXBuildFile section */
		0A1254F02230E8220034CF56 /* Aspects.m in Sources */ = {isa = PBXBuildFile; fileRef = 0A1254EF2230E8220034CF56 /* Aspects.m */; };
		0A1254F82230E97A0034CF56 /* NullSafe.m in Sources */ = {isa = PBXBuildFile; fileRef = 0A1254F32230E97A0034CF56 /* NullSafe.m */; };
		0A1254F92230E97A0034CF56 /* TestNullSafe.m in Sources */ = {isa = PBXBuildFile; fileRef = 0A1254F42230E97A0034CF56 /* TestNullSafe.m */; };
		0A1254FD2230E9A90034CF56 /* MightyCrash.m in Sources */ = {isa = PBXBuildFile; fileRef = 0A1254FC2230E9A90034CF56 /* MightyCrash.m */; };
		0A1255002230ECB20034CF56 /* Felix.m in Sources */ = {isa = PBXBuildFile; fileRef = 0A1254FF2230ECB20034CF56 /* Felix.m */; };
		0A798FAD222FABB100A502CB /* AppDelegate.m in Sources */ = {isa = PBXBuildFile; fileRef = 0A798FAC222FABB100A502CB /* AppDelegate.m */; };
		0A798FB0222FABB100A502CB /* ViewController.m in Sources */ = {isa = PBXBuildFile; fileRef = 0A798FAF222FABB100A502CB /* ViewController.m */; };
		0A798FB3222FABB100A502CB /* Main.storyboard in Resources */ = {isa = PBXBuildFile; fileRef = 0A798FB1222FABB100A502CB /* Main.storyboard */; };
		0A798FB5222FABB200A502CB /* Assets.xcassets in Resources */ = {isa = PBXBuildFile; fileRef = 0A798FB4222FABB200A502CB /* Assets.xcassets */; };
		0A798FB8222FABB200A502CB /* LaunchScreen.storyboard in Resources */ = {isa = PBXBuildFile; fileRef = 0A798FB6222FABB200A502CB /* LaunchScreen.storyboard */; };
		0A798FBB222FABB200A502CB /* main.m in Sources */ = {isa = PBXBuildFile; fileRef = 0A798FBA222FABB200A502CB /* main.m */; };
		0A798FC5222FABB200A502CB /* IOSPracticeDemoTests.m in Sources */ = {isa = PBXBuildFile; fileRef = 0A798FC4222FABB200A502CB /* IOSPracticeDemoTests.m */; };
		0A798FD0222FABB200A502CB /* IOSPracticeDemoUITests.m in Sources */ = {isa = PBXBuildFile; fileRef = 0A798FCF222FABB200A502CB /* IOSPracticeDemoUITests.m */; };
		0AFFD687226EFD5200CDACDE /* THProduct.m in Sources */ = {isa = PBXBuildFile; fileRef = 0AFFD686226EFD5200CDACDE /* THProduct.m */; };
		0AFFD68A226EFEAF00CDACDE /* THView1.m in Sources */ = {isa = PBXBuildFile; fileRef = 0AFFD689226EFEAF00CDACDE /* THView1.m */; };
		0AFFD68D226EFEBB00CDACDE /* THView2.m in Sources */ = {isa = PBXBuildFile; fileRef = 0AFFD68C226EFEBB00CDACDE /* THView2.m */; };
		3707DCCB22B78BC1007F43DB /* SGSStaggeredFlowLayout.m in Sources */ = {isa = PBXBuildFile; fileRef = 3707DCBD22B78BC1007F43DB /* SGSStaggeredFlowLayout.m */; };
		3707DCCC22B78BC1007F43DB /* SGSViewController.m in Sources */ = {isa = PBXBuildFile; fileRef = 3707DCBE22B78BC1007F43DB /* SGSViewController.m */; };
		3707DCCD22B78BC1007F43DB /* SGSViewController.xib in Resources */ = {isa = PBXBuildFile; fileRef = 3707DCBF22B78BC1007F43DB /* SGSViewController.xib */; };
		3707DCCE22B78BC2007F43DB /* photo4.jpg in Resources */ = {isa = PBXBuildFile; fileRef = 3707DCC222B78BC1007F43DB /* photo4.jpg */; };
		3707DCCF22B78BC2007F43DB /* photo5.jpg in Resources */ = {isa = PBXBuildFile; fileRef = 3707DCC322B78BC1007F43DB /* photo5.jpg */; };
		3707DCD022B78BC2007F43DB /* photo7.jpg in Resources */ = {isa = PBXBuildFile; fileRef = 3707DCC422B78BC1007F43DB /* photo7.jpg */; };
		3707DCD122B78BC2007F43DB /* photo6.jpg in Resources */ = {isa = PBXBuildFile; fileRef = 3707DCC522B78BC1007F43DB /* photo6.jpg */; };
		3707DCD222B78BC2007F43DB /* photo2.jpg in Resources */ = {isa = PBXBuildFile; fileRef = 3707DCC622B78BC1007F43DB /* photo2.jpg */; };
		3707DCD322B78BC2007F43DB /* photo3.jpg in Resources */ = {isa = PBXBuildFile; fileRef = 3707DCC722B78BC1007F43DB /* photo3.jpg */; };
		3707DCD422B78BC2007F43DB /* photo1.jpg in Resources */ = {isa = PBXBuildFile; fileRef = 3707DCC822B78BC1007F43DB /* photo1.jpg */; };
		3707DCD522B78BC2007F43DB /* photo0.jpg in Resources */ = {isa = PBXBuildFile; fileRef = 3707DCC922B78BC1007F43DB /* photo0.jpg */; };
/* End PBXBuildFile section */

/* Begin PBXContainerItemProxy section */
		0A798FC1222FABB200A502CB /* PBXContainerItemProxy */ = {
			isa = PBXContainerItemProxy;
			containerPortal = 0A798FA0222FABB100A502CB /* Project object */;
			proxyType = 1;
			remoteGlobalIDString = 0A798FA7222FABB100A502CB;
			remoteInfo = IOSPracticeDemo;
		};
		0A798FCC222FABB200A502CB /* PBXContainerItemProxy */ = {
			isa = PBXContainerItemProxy;
			containerPortal = 0A798FA0222FABB100A502CB /* Project object */;
			proxyType = 1;
			remoteGlobalIDString = 0A798FA7222FABB100A502CB;
			remoteInfo = IOSPracticeDemo;
		};
/* End PBXContainerItemProxy section */

/* Begin PBXFileReference section */
		0A1254EE2230E8220034CF56 /* Aspects.h */ = {isa = PBXFileReference; fileEncoding = 4; lastKnownFileType = sourcecode.c.h; path = Aspects.h; sourceTree = "<group>"; };
		0A1254EF2230E8220034CF56 /* Aspects.m */ = {isa = PBXFileReference; fileEncoding = 4; lastKnownFileType = sourcecode.c.objc; path = Aspects.m; sourceTree = "<group>"; };
		0A1254F22230E97A0034CF56 /* TestNullSafe.h */ = {isa = PBXFileReference; fileEncoding = 4; lastKnownFileType = sourcecode.c.h; path = TestNullSafe.h; sourceTree = "<group>"; };
		0A1254F32230E97A0034CF56 /* NullSafe.m */ = {isa = PBXFileReference; fileEncoding = 4; lastKnownFileType = sourcecode.c.objc; path = NullSafe.m; sourceTree = "<group>"; };
		0A1254F42230E97A0034CF56 /* TestNullSafe.m */ = {isa = PBXFileReference; fileEncoding = 4; lastKnownFileType = sourcecode.c.objc; path = TestNullSafe.m; sourceTree = "<group>"; };
		0A1254FB2230E9A90034CF56 /* MightyCrash.h */ = {isa = PBXFileReference; lastKnownFileType = sourcecode.c.h; path = MightyCrash.h; sourceTree = "<group>"; };
		0A1254FC2230E9A90034CF56 /* MightyCrash.m */ = {isa = PBXFileReference; lastKnownFileType = sourcecode.c.objc; path = MightyCrash.m; sourceTree = "<group>"; };
		0A1254FE2230ECB20034CF56 /* Felix.h */ = {isa = PBXFileReference; fileEncoding = 4; lastKnownFileType = sourcecode.c.h; path = Felix.h; sourceTree = "<group>"; };
		0A1254FF2230ECB20034CF56 /* Felix.m */ = {isa = PBXFileReference; fileEncoding = 4; lastKnownFileType = sourcecode.c.objc; path = Felix.m; sourceTree = "<group>"; };
		0A798FA8222FABB100A502CB /* IOSPracticeDemo.app */ = {isa = PBXFileReference; explicitFileType = wrapper.application; includeInIndex = 0; path = IOSPracticeDemo.app; sourceTree = BUILT_PRODUCTS_DIR; };
		0A798FAB222FABB100A502CB /* AppDelegate.h */ = {isa = PBXFileReference; lastKnownFileType = sourcecode.c.h; path = AppDelegate.h; sourceTree = "<group>"; };
		0A798FAC222FABB100A502CB /* AppDelegate.m */ = {isa = PBXFileReference; lastKnownFileType = sourcecode.c.objc; path = AppDelegate.m; sourceTree = "<group>"; };
		0A798FAE222FABB100A502CB /* ViewController.h */ = {isa = PBXFileReference; lastKnownFileType = sourcecode.c.h; path = ViewController.h; sourceTree = "<group>"; };
		0A798FAF222FABB100A502CB /* ViewController.m */ = {isa = PBXFileReference; lastKnownFileType = sourcecode.c.objc; path = ViewController.m; sourceTree = "<group>"; };
		0A798FB2222FABB100A502CB /* Base */ = {isa = PBXFileReference; lastKnownFileType = file.storyboard; name = Base; path = Base.lproj/Main.storyboard; sourceTree = "<group>"; };
		0A798FB4222FABB200A502CB /* Assets.xcassets */ = {isa = PBXFileReference; lastKnownFileType = folder.assetcatalog; path = Assets.xcassets; sourceTree = "<group>"; };
		0A798FB7222FABB200A502CB /* Base */ = {isa = PBXFileReference; lastKnownFileType = file.storyboard; name = Base; path = Base.lproj/LaunchScreen.storyboard; sourceTree = "<group>"; };
		0A798FB9222FABB200A502CB /* Info.plist */ = {isa = PBXFileReference; lastKnownFileType = text.plist.xml; path = Info.plist; sourceTree = "<group>"; };
		0A798FBA222FABB200A502CB /* main.m */ = {isa = PBXFileReference; lastKnownFileType = sourcecode.c.objc; path = main.m; sourceTree = "<group>"; };
		0A798FC0222FABB200A502CB /* IOSPracticeDemoTests.xctest */ = {isa = PBXFileReference; explicitFileType = wrapper.cfbundle; includeInIndex = 0; path = IOSPracticeDemoTests.xctest; sourceTree = BUILT_PRODUCTS_DIR; };
		0A798FC4222FABB200A502CB /* IOSPracticeDemoTests.m */ = {isa = PBXFileReference; lastKnownFileType = sourcecode.c.objc; path = IOSPracticeDemoTests.m; sourceTree = "<group>"; };
		0A798FC6222FABB200A502CB /* Info.plist */ = {isa = PBXFileReference; lastKnownFileType = text.plist.xml; path = Info.plist; sourceTree = "<group>"; };
		0A798FCB222FABB200A502CB /* IOSPracticeDemoUITests.xctest */ = {isa = PBXFileReference; explicitFileType = wrapper.cfbundle; includeInIndex = 0; path = IOSPracticeDemoUITests.xctest; sourceTree = BUILT_PRODUCTS_DIR; };
		0A798FCF222FABB200A502CB /* IOSPracticeDemoUITests.m */ = {isa = PBXFileReference; lastKnownFileType = sourcecode.c.objc; path = IOSPracticeDemoUITests.m; sourceTree = "<group>"; };
		0A798FD1222FABB200A502CB /* Info.plist */ = {isa = PBXFileReference; lastKnownFileType = text.plist.xml; path = Info.plist; sourceTree = "<group>"; };
		0AFFD685226EFD5200CDACDE /* THProduct.h */ = {isa = PBXFileReference; lastKnownFileType = sourcecode.c.h; path = THProduct.h; sourceTree = "<group>"; };
		0AFFD686226EFD5200CDACDE /* THProduct.m */ = {isa = PBXFileReference; lastKnownFileType = sourcecode.c.objc; path = THProduct.m; sourceTree = "<group>"; };
		0AFFD688226EFEAF00CDACDE /* THView1.h */ = {isa = PBXFileReference; lastKnownFileType = sourcecode.c.h; path = THView1.h; sourceTree = "<group>"; };
		0AFFD689226EFEAF00CDACDE /* THView1.m */ = {isa = PBXFileReference; lastKnownFileType = sourcecode.c.objc; path = THView1.m; sourceTree = "<group>"; };
		0AFFD68B226EFEBB00CDACDE /* THView2.h */ = {isa = PBXFileReference; lastKnownFileType = sourcecode.c.h; path = THView2.h; sourceTree = "<group>"; };
		0AFFD68C226EFEBB00CDACDE /* THView2.m */ = {isa = PBXFileReference; lastKnownFileType = sourcecode.c.objc; path = THView2.m; sourceTree = "<group>"; };
		3707DCBD22B78BC1007F43DB /* SGSStaggeredFlowLayout.m */ = {isa = PBXFileReference; fileEncoding = 4; lastKnownFileType = sourcecode.c.objc; path = SGSStaggeredFlowLayout.m; sourceTree = "<group>"; };
		3707DCBE22B78BC1007F43DB /* SGSViewController.m */ = {isa = PBXFileReference; fileEncoding = 4; lastKnownFileType = sourcecode.c.objc; path = SGSViewController.m; sourceTree = "<group>"; };
		3707DCBF22B78BC1007F43DB /* SGSViewController.xib */ = {isa = PBXFileReference; fileEncoding = 4; lastKnownFileType = file.xib; path = SGSViewController.xib; sourceTree = "<group>"; };
		3707DCC022B78BC1007F43DB /* SGSViewController.h */ = {isa = PBXFileReference; fileEncoding = 4; lastKnownFileType = sourcecode.c.h; path = SGSViewController.h; sourceTree = "<group>"; };
		3707DCC222B78BC1007F43DB /* photo4.jpg */ = {isa = PBXFileReference; lastKnownFileType = image.jpeg; path = photo4.jpg; sourceTree = "<group>"; };
		3707DCC322B78BC1007F43DB /* photo5.jpg */ = {isa = PBXFileReference; lastKnownFileType = image.jpeg; path = photo5.jpg; sourceTree = "<group>"; };
		3707DCC422B78BC1007F43DB /* photo7.jpg */ = {isa = PBXFileReference; lastKnownFileType = image.jpeg; path = photo7.jpg; sourceTree = "<group>"; };
		3707DCC522B78BC1007F43DB /* photo6.jpg */ = {isa = PBXFileReference; lastKnownFileType = image.jpeg; path = photo6.jpg; sourceTree = "<group>"; };
		3707DCC622B78BC1007F43DB /* photo2.jpg */ = {isa = PBXFileReference; lastKnownFileType = image.jpeg; path = photo2.jpg; sourceTree = "<group>"; };
		3707DCC722B78BC1007F43DB /* photo3.jpg */ = {isa = PBXFileReference; lastKnownFileType = image.jpeg; path = photo3.jpg; sourceTree = "<group>"; };
		3707DCC822B78BC1007F43DB /* photo1.jpg */ = {isa = PBXFileReference; lastKnownFileType = image.jpeg; path = photo1.jpg; sourceTree = "<group>"; };
		3707DCC922B78BC1007F43DB /* photo0.jpg */ = {isa = PBXFileReference; lastKnownFileType = image.jpeg; path = photo0.jpg; sourceTree = "<group>"; };
		3707DCCA22B78BC1007F43DB /* SGSStaggeredFlowLayout.h */ = {isa = PBXFileReference; fileEncoding = 4; lastKnownFileType = sourcecode.c.h; path = SGSStaggeredFlowLayout.h; sourceTree = "<group>"; };
/* End PBXFileReference section */

/* Begin PBXFrameworksBuildPhase section */
		0A798FA5222FABB100A502CB /* Frameworks */ = {
			isa = PBXFrameworksBuildPhase;
			buildActionMask = 2147483647;
			files = (
			);
			runOnlyForDeploymentPostprocessing = 0;
		};
		0A798FBD222FABB200A502CB /* Frameworks */ = {
			isa = PBXFrameworksBuildPhase;
			buildActionMask = 2147483647;
			files = (
			);
			runOnlyForDeploymentPostprocessing = 0;
		};
		0A798FC8222FABB200A502CB /* Frameworks */ = {
			isa = PBXFrameworksBuildPhase;
			buildActionMask = 2147483647;
			files = (
			);
			runOnlyForDeploymentPostprocessing = 0;
		};
/* End PBXFrameworksBuildPhase section */

/* Begin PBXGroup section */
		0A1254ED2230E8220034CF56 /* Aspects */ = {
			isa = PBXGroup;
			children = (
				0A1254EE2230E8220034CF56 /* Aspects.h */,
				0A1254EF2230E8220034CF56 /* Aspects.m */,
			);
			path = Aspects;
			sourceTree = "<group>";
		};
		0A1254F12230E97A0034CF56 /* Crash */ = {
			isa = PBXGroup;
			children = (
				0A1254F22230E97A0034CF56 /* TestNullSafe.h */,
				0A1254F42230E97A0034CF56 /* TestNullSafe.m */,
				0A1254F32230E97A0034CF56 /* NullSafe.m */,
			);
			path = Crash;
			sourceTree = "<group>";
		};
		0A1254F52230E97A0034CF56 /* Hotfix */ = {
			isa = PBXGroup;
			children = (
				0A1254FE2230ECB20034CF56 /* Felix.h */,
				0A1254FF2230ECB20034CF56 /* Felix.m */,
				0A1254FB2230E9A90034CF56 /* MightyCrash.h */,
				0A1254FC2230E9A90034CF56 /* MightyCrash.m */,
			);
			path = Hotfix;
			sourceTree = "<group>";
		};
		0A798F9F222FABB100A502CB = {
			isa = PBXGroup;
			children = (
				0A798FAA222FABB100A502CB /* IOSPracticeDemo */,
				0A798FC3222FABB200A502CB /* IOSPracticeDemoTests */,
				0A798FCE222FABB200A502CB /* IOSPracticeDemoUITests */,
				0A798FA9222FABB100A502CB /* Products */,
			);
			sourceTree = "<group>";
		};
		0A798FA9222FABB100A502CB /* Products */ = {
			isa = PBXGroup;
			children = (
				0A798FA8222FABB100A502CB /* IOSPracticeDemo.app */,
				0A798FC0222FABB200A502CB /* IOSPracticeDemoTests.xctest */,
				0A798FCB222FABB200A502CB /* IOSPracticeDemoUITests.xctest */,
			);
			name = Products;
			sourceTree = "<group>";
		};
		0A798FAA222FABB100A502CB /* IOSPracticeDemo */ = {
			isa = PBXGroup;
			children = (
				3707DCBC22B78BC1007F43DB /* CollectionViewFlowLayout */,
				0AFFD684226EFD2D00CDACDE /* Model */,
				0A1254F12230E97A0034CF56 /* Crash */,
				0A1254F52230E97A0034CF56 /* Hotfix */,
				0A1254ED2230E8220034CF56 /* Aspects */,
				0A798FAB222FABB100A502CB /* AppDelegate.h */,
				0A798FAC222FABB100A502CB /* AppDelegate.m */,
				0A798FAE222FABB100A502CB /* ViewController.h */,
				0A798FAF222FABB100A502CB /* ViewController.m */,
				0A798FB1222FABB100A502CB /* Main.storyboard */,
				0A798FB4222FABB200A502CB /* Assets.xcassets */,
				0A798FB6222FABB200A502CB /* LaunchScreen.storyboard */,
				0A798FB9222FABB200A502CB /* Info.plist */,
				0A798FBA222FABB200A502CB /* main.m */,
			);
			path = IOSPracticeDemo;
			sourceTree = "<group>";
		};
		0A798FC3222FABB200A502CB /* IOSPracticeDemoTests */ = {
			isa = PBXGroup;
			children = (
				0A798FC4222FABB200A502CB /* IOSPracticeDemoTests.m */,
				0A798FC6222FABB200A502CB /* Info.plist */,
			);
			path = IOSPracticeDemoTests;
			sourceTree = "<group>";
		};
		0A798FCE222FABB200A502CB /* IOSPracticeDemoUITests */ = {
			isa = PBXGroup;
			children = (
				0A798FCF222FABB200A502CB /* IOSPracticeDemoUITests.m */,
				0A798FD1222FABB200A502CB /* Info.plist */,
			);
			path = IOSPracticeDemoUITests;
			sourceTree = "<group>";
		};
		0AFFD684226EFD2D00CDACDE /* Model */ = {
			isa = PBXGroup;
			children = (
				0AFFD685226EFD5200CDACDE /* THProduct.h */,
				0AFFD686226EFD5200CDACDE /* THProduct.m */,
				0AFFD688226EFEAF00CDACDE /* THView1.h */,
				0AFFD689226EFEAF00CDACDE /* THView1.m */,
				0AFFD68B226EFEBB00CDACDE /* THView2.h */,
				0AFFD68C226EFEBB00CDACDE /* THView2.m */,
			);
			path = Model;
			sourceTree = "<group>";
		};
		3707DCBC22B78BC1007F43DB /* CollectionViewFlowLayout */ = {
			isa = PBXGroup;
			children = (
				3707DCC122B78BC1007F43DB /* photos */,
				3707DCCA22B78BC1007F43DB /* SGSStaggeredFlowLayout.h */,
				3707DCBD22B78BC1007F43DB /* SGSStaggeredFlowLayout.m */,
				3707DCBE22B78BC1007F43DB /* SGSViewController.m */,
				3707DCBF22B78BC1007F43DB /* SGSViewController.xib */,
				3707DCC022B78BC1007F43DB /* SGSViewController.h */,
			);
			path = CollectionViewFlowLayout;
			sourceTree = "<group>";
		};
		3707DCC122B78BC1007F43DB /* photos */ = {
			isa = PBXGroup;
			children = (
				3707DCC222B78BC1007F43DB /* photo4.jpg */,
				3707DCC322B78BC1007F43DB /* photo5.jpg */,
				3707DCC422B78BC1007F43DB /* photo7.jpg */,
				3707DCC522B78BC1007F43DB /* photo6.jpg */,
				3707DCC622B78BC1007F43DB /* photo2.jpg */,
				3707DCC722B78BC1007F43DB /* photo3.jpg */,
				3707DCC822B78BC1007F43DB /* photo1.jpg */,
				3707DCC922B78BC1007F43DB /* photo0.jpg */,
			);
			path = photos;
			sourceTree = "<group>";
		};
/* End PBXGroup section */

/* Begin PBXNativeTarget section */
		0A798FA7222FABB100A502CB /* IOSPracticeDemo */ = {
			isa = PBXNativeTarget;
			buildConfigurationList = 0A798FD4222FABB200A502CB /* Build configuration list for PBXNativeTarget "IOSPracticeDemo" */;
			buildPhases = (
				0A798FA4222FABB100A502CB /* Sources */,
				0A798FA5222FABB100A502CB /* Frameworks */,
				0A798FA6222FABB100A502CB /* Resources */,
			);
			buildRules = (
			);
			dependencies = (
			);
			name = IOSPracticeDemo;
			productName = IOSPracticeDemo;
			productReference = 0A798FA8222FABB100A502CB /* IOSPracticeDemo.app */;
			productType = "com.apple.product-type.application";
		};
		0A798FBF222FABB200A502CB /* IOSPracticeDemoTests */ = {
			isa = PBXNativeTarget;
			buildConfigurationList = 0A798FD7222FABB200A502CB /* Build configuration list for PBXNativeTarget "IOSPracticeDemoTests" */;
			buildPhases = (
				0A798FBC222FABB200A502CB /* Sources */,
				0A798FBD222FABB200A502CB /* Frameworks */,
				0A798FBE222FABB200A502CB /* Resources */,
			);
			buildRules = (
			);
			dependencies = (
				0A798FC2222FABB200A502CB /* PBXTargetDependency */,
			);
			name = IOSPracticeDemoTests;
			productName = IOSPracticeDemoTests;
			productReference = 0A798FC0222FABB200A502CB /* IOSPracticeDemoTests.xctest */;
			productType = "com.apple.product-type.bundle.unit-test";
		};
		0A798FCA222FABB200A502CB /* IOSPracticeDemoUITests */ = {
			isa = PBXNativeTarget;
			buildConfigurationList = 0A798FDA222FABB200A502CB /* Build configuration list for PBXNativeTarget "IOSPracticeDemoUITests" */;
			buildPhases = (
				0A798FC7222FABB200A502CB /* Sources */,
				0A798FC8222FABB200A502CB /* Frameworks */,
				0A798FC9222FABB200A502CB /* Resources */,
			);
			buildRules = (
			);
			dependencies = (
				0A798FCD222FABB200A502CB /* PBXTargetDependency */,
			);
			name = IOSPracticeDemoUITests;
			productName = IOSPracticeDemoUITests;
			productReference = 0A798FCB222FABB200A502CB /* IOSPracticeDemoUITests.xctest */;
			productType = "com.apple.product-type.bundle.ui-testing";
		};
/* End PBXNativeTarget section */

/* Begin PBXProject section */
		0A798FA0222FABB100A502CB /* Project object */ = {
			isa = PBXProject;
			attributes = {
				LastUpgradeCheck = 1010;
				ORGANIZATIONNAME = kent;
				TargetAttributes = {
					0A798FA7222FABB100A502CB = {
						CreatedOnToolsVersion = 10.1;
					};
					0A798FBF222FABB200A502CB = {
						CreatedOnToolsVersion = 10.1;
						TestTargetID = 0A798FA7222FABB100A502CB;
					};
					0A798FCA222FABB200A502CB = {
						CreatedOnToolsVersion = 10.1;
						TestTargetID = 0A798FA7222FABB100A502CB;
					};
				};
			};
			buildConfigurationList = 0A798FA3222FABB100A502CB /* Build configuration list for PBXProject "IOSPracticeDemo" */;
			compatibilityVersion = "Xcode 9.3";
			developmentRegion = en;
			hasScannedForEncodings = 0;
			knownRegions = (
				en,
				Base,
			);
			mainGroup = 0A798F9F222FABB100A502CB;
			productRefGroup = 0A798FA9222FABB100A502CB /* Products */;
			projectDirPath = "";
			projectRoot = "";
			targets = (
				0A798FA7222FABB100A502CB /* IOSPracticeDemo */,
				0A798FBF222FABB200A502CB /* IOSPracticeDemoTests */,
				0A798FCA222FABB200A502CB /* IOSPracticeDemoUITests */,
			);
		};
/* End PBXProject section */

/* Begin PBXResourcesBuildPhase section */
		0A798FA6222FABB100A502CB /* Resources */ = {
			isa = PBXResourcesBuildPhase;
			buildActionMask = 2147483647;
			files = (
				3707DCD322B78BC2007F43DB /* photo3.jpg in Resources */,
				3707DCCE22B78BC2007F43DB /* photo4.jpg in Resources */,
				3707DCD122B78BC2007F43DB /* photo6.jpg in Resources */,
				3707DCD522B78BC2007F43DB /* photo0.jpg in Resources */,
				0A798FB8222FABB200A502CB /* LaunchScreen.storyboard in Resources */,
				3707DCD422B78BC2007F43DB /* photo1.jpg in Resources */,
				0A798FB5222FABB200A502CB /* Assets.xcassets in Resources */,
				3707DCCD22B78BC1007F43DB /* SGSViewController.xib in Resources */,
				3707DCD022B78BC2007F43DB /* photo7.jpg in Resources */,
				3707DCCF22B78BC2007F43DB /* photo5.jpg in Resources */,
				3707DCD222B78BC2007F43DB /* photo2.jpg in Resources */,
				0A798FB3222FABB100A502CB /* Main.storyboard in Resources */,
			);
			runOnlyForDeploymentPostprocessing = 0;
		};
		0A798FBE222FABB200A502CB /* Resources */ = {
			isa = PBXResourcesBuildPhase;
			buildActionMask = 2147483647;
			files = (
			);
			runOnlyForDeploymentPostprocessing = 0;
		};
		0A798FC9222FABB200A502CB /* Resources */ = {
			isa = PBXResourcesBuildPhase;
			buildActionMask = 2147483647;
			files = (
			);
			runOnlyForDeploymentPostprocessing = 0;
		};
/* End PBXResourcesBuildPhase section */

/* Begin PBXSourcesBuildPhase section */
		0A798FA4222FABB100A502CB /* Sources */ = {
			isa = PBXSourcesBuildPhase;
			buildActionMask = 2147483647;
			files = (
				0A1254F02230E8220034CF56 /* Aspects.m in Sources */,
				0A798FB0222FABB100A502CB /* ViewController.m in Sources */,
				0AFFD68A226EFEAF00CDACDE /* THView1.m in Sources */,
				0A1255002230ECB20034CF56 /* Felix.m in Sources */,
				3707DCCB22B78BC1007F43DB /* SGSStaggeredFlowLayout.m in Sources */,
				0AFFD68D226EFEBB00CDACDE /* THView2.m in Sources */,
				0A1254F82230E97A0034CF56 /* NullSafe.m in Sources */,
				0A1254FD2230E9A90034CF56 /* MightyCrash.m in Sources */,
				0A798FBB222FABB200A502CB /* main.m in Sources */,
				0A798FAD222FABB100A502CB /* AppDelegate.m in Sources */,
				3707DCCC22B78BC1007F43DB /* SGSViewController.m in Sources */,
				0AFFD687226EFD5200CDACDE /* THProduct.m in Sources */,
				0A1254F92230E97A0034CF56 /* TestNullSafe.m in Sources */,
			);
			runOnlyForDeploymentPostprocessing = 0;
		};
		0A798FBC222FABB200A502CB /* Sources */ = {
			isa = PBXSourcesBuildPhase;
			buildActionMask = 2147483647;
			files = (
				0A798FC5222FABB200A502CB /* IOSPracticeDemoTests.m in Sources */,
			);
			runOnlyForDeploymentPostprocessing = 0;
		};
		0A798FC7222FABB200A502CB /* Sources */ = {
			isa = PBXSourcesBuildPhase;
			buildActionMask = 2147483647;
			files = (
				0A798FD0222FABB200A502CB /* IOSPracticeDemoUITests.m in Sources */,
			);
			runOnlyForDeploymentPostprocessing = 0;
		};
/* End PBXSourcesBuildPhase section */

/* Begin PBXTargetDependency section */
		0A798FC2222FABB200A502CB /* PBXTargetDependency */ = {
			isa = PBXTargetDependency;
			target = 0A798FA7222FABB100A502CB /* IOSPracticeDemo */;
			targetProxy = 0A798FC1222FABB200A502CB /* PBXContainerItemProxy */;
		};
		0A798FCD222FABB200A502CB /* PBXTargetDependency */ = {
			isa = PBXTargetDependency;
			target = 0A798FA7222FABB100A502CB /* IOSPracticeDemo */;
			targetProxy = 0A798FCC222FABB200A502CB /* PBXContainerItemProxy */;
		};
/* End PBXTargetDependency section */

/* Begin PBXVariantGroup section */
		0A798FB1222FABB100A502CB /* Main.storyboard */ = {
			isa = PBXVariantGroup;
			children = (
				0A798FB2222FABB100A502CB /* Base */,
			);
			name = Main.storyboard;
			sourceTree = "<group>";
		};
		0A798FB6222FABB200A502CB /* LaunchScreen.storyboard */ = {
			isa = PBXVariantGroup;
			children = (
				0A798FB7222FABB200A502CB /* Base */,
			);
			name = LaunchScreen.storyboard;
			sourceTree = "<group>";
		};
/* End PBXVariantGroup section */

/* Begin XCBuildConfiguration section */
		0A798FD2222FABB200A502CB /* Debug */ = {
			isa = XCBuildConfiguration;
			buildSettings = {
				ALWAYS_SEARCH_USER_PATHS = NO;
				CLANG_ANALYZER_NONNULL = YES;
				CLANG_ANALYZER_NUMBER_OBJECT_CONVERSION = YES_AGGRESSIVE;
				CLANG_CXX_LANGUAGE_STANDARD = "gnu++14";
				CLANG_CXX_LIBRARY = "libc++";
				CLANG_ENABLE_MODULES = YES;
				CLANG_ENABLE_OBJC_ARC = YES;
				CLANG_ENABLE_OBJC_WEAK = YES;
				CLANG_WARN_BLOCK_CAPTURE_AUTORELEASING = YES;
				CLANG_WARN_BOOL_CONVERSION = YES;
				CLANG_WARN_COMMA = YES;
				CLANG_WARN_CONSTANT_CONVERSION = YES;
				CLANG_WARN_DEPRECATED_OBJC_IMPLEMENTATIONS = YES;
				CLANG_WARN_DIRECT_OBJC_ISA_USAGE = YES_ERROR;
				CLANG_WARN_DOCUMENTATION_COMMENTS = YES;
				CLANG_WARN_EMPTY_BODY = YES;
				CLANG_WARN_ENUM_CONVERSION = YES;
				CLANG_WARN_INFINITE_RECURSION = YES;
				CLANG_WARN_INT_CONVERSION = YES;
				CLANG_WARN_NON_LITERAL_NULL_CONVERSION = YES;
				CLANG_WARN_OBJC_IMPLICIT_RETAIN_SELF = YES;
				CLANG_WARN_OBJC_LITERAL_CONVERSION = YES;
				CLANG_WARN_OBJC_ROOT_CLASS = YES_ERROR;
				CLANG_WARN_RANGE_LOOP_ANALYSIS = YES;
				CLANG_WARN_STRICT_PROTOTYPES = YES;
				CLANG_WARN_SUSPICIOUS_MOVE = YES;
				CLANG_WARN_UNGUARDED_AVAILABILITY = YES_AGGRESSIVE;
				CLANG_WARN_UNREACHABLE_CODE = YES;
				CLANG_WARN__DUPLICATE_METHOD_MATCH = YES;
				CODE_SIGN_IDENTITY = "iPhone Developer";
				COPY_PHASE_STRIP = NO;
				DEBUG_INFORMATION_FORMAT = dwarf;
				ENABLE_STRICT_OBJC_MSGSEND = YES;
				ENABLE_TESTABILITY = YES;
				GCC_C_LANGUAGE_STANDARD = gnu11;
				GCC_DYNAMIC_NO_PIC = NO;
				GCC_NO_COMMON_BLOCKS = YES;
				GCC_OPTIMIZATION_LEVEL = 0;
				GCC_PREPROCESSOR_DEFINITIONS = (
					"DEBUG=1",
					"$(inherited)",
				);
				GCC_WARN_64_TO_32_BIT_CONVERSION = YES;
				GCC_WARN_ABOUT_RETURN_TYPE = YES_ERROR;
				GCC_WARN_UNDECLARED_SELECTOR = YES;
				GCC_WARN_UNINITIALIZED_AUTOS = YES_AGGRESSIVE;
				GCC_WARN_UNUSED_FUNCTION = YES;
				GCC_WARN_UNUSED_VARIABLE = YES;
				IPHONEOS_DEPLOYMENT_TARGET = 12.1;
				MTL_ENABLE_DEBUG_INFO = INCLUDE_SOURCE;
				MTL_FAST_MATH = YES;
				ONLY_ACTIVE_ARCH = YES;
				SDKROOT = iphoneos;
			};
			name = Debug;
		};
		0A798FD3222FABB200A502CB /* Release */ = {
			isa = XCBuildConfiguration;
			buildSettings = {
				ALWAYS_SEARCH_USER_PATHS = NO;
				CLANG_ANALYZER_NONNULL = YES;
				CLANG_ANALYZER_NUMBER_OBJECT_CONVERSION = YES_AGGRESSIVE;
				CLANG_CXX_LANGUAGE_STANDARD = "gnu++14";
				CLANG_CXX_LIBRARY = "libc++";
				CLANG_ENABLE_MODULES = YES;
				CLANG_ENABLE_OBJC_ARC = YES;
				CLANG_ENABLE_OBJC_WEAK = YES;
				CLANG_WARN_BLOCK_CAPTURE_AUTORELEASING = YES;
				CLANG_WARN_BOOL_CONVERSION = YES;
				CLANG_WARN_COMMA = YES;
				CLANG_WARN_CONSTANT_CONVERSION = YES;
				CLANG_WARN_DEPRECATED_OBJC_IMPLEMENTATIONS = YES;
				CLANG_WARN_DIRECT_OBJC_ISA_USAGE = YES_ERROR;
				CLANG_WARN_DOCUMENTATION_COMMENTS = YES;
				CLANG_WARN_EMPTY_BODY = YES;
				CLANG_WARN_ENUM_CONVERSION = YES;
				CLANG_WARN_INFINITE_RECURSION = YES;
				CLANG_WARN_INT_CONVERSION = YES;
				CLANG_WARN_NON_LITERAL_NULL_CONVERSION = YES;
				CLANG_WARN_OBJC_IMPLICIT_RETAIN_SELF = YES;
				CLANG_WARN_OBJC_LITERAL_CONVERSION = YES;
				CLANG_WARN_OBJC_ROOT_CLASS = YES_ERROR;
				CLANG_WARN_RANGE_LOOP_ANALYSIS = YES;
				CLANG_WARN_STRICT_PROTOTYPES = YES;
				CLANG_WARN_SUSPICIOUS_MOVE = YES;
				CLANG_WARN_UNGUARDED_AVAILABILITY = YES_AGGRESSIVE;
				CLANG_WARN_UNREACHABLE_CODE = YES;
				CLANG_WARN__DUPLICATE_METHOD_MATCH = YES;
				CODE_SIGN_IDENTITY = "iPhone Developer";
				COPY_PHASE_STRIP = NO;
				DEBUG_INFORMATION_FORMAT = "dwarf-with-dsym";
				ENABLE_NS_ASSERTIONS = NO;
				ENABLE_STRICT_OBJC_MSGSEND = YES;
				GCC_C_LANGUAGE_STANDARD = gnu11;
				GCC_NO_COMMON_BLOCKS = YES;
				GCC_WARN_64_TO_32_BIT_CONVERSION = YES;
				GCC_WARN_ABOUT_RETURN_TYPE = YES_ERROR;
				GCC_WARN_UNDECLARED_SELECTOR = YES;
				GCC_WARN_UNINITIALIZED_AUTOS = YES_AGGRESSIVE;
				GCC_WARN_UNUSED_FUNCTION = YES;
				GCC_WARN_UNUSED_VARIABLE = YES;
				IPHONEOS_DEPLOYMENT_TARGET = 12.1;
				MTL_ENABLE_DEBUG_INFO = NO;
				MTL_FAST_MATH = YES;
				SDKROOT = iphoneos;
				VALIDATE_PRODUCT = YES;
			};
			name = Release;
		};
		0A798FD5222FABB200A502CB /* Debug */ = {
			isa = XCBuildConfiguration;
			buildSettings = {
				ASSETCATALOG_COMPILER_APPICON_NAME = AppIcon;
				CODE_SIGN_STYLE = Automatic;
				INFOPLIST_FILE = IOSPracticeDemo/Info.plist;
				LD_RUNPATH_SEARCH_PATHS = (
					"$(inherited)",
					"@executable_path/Frameworks",
				);
				PRODUCT_BUNDLE_IDENTIFIER = com.fudianshu.IOSPracticeDemo;
				PRODUCT_NAME = "$(TARGET_NAME)";
				TARGETED_DEVICE_FAMILY = "1,2";
			};
			name = Debug;
		};
		0A798FD6222FABB200A502CB /* Release */ = {
			isa = XCBuildConfiguration;
			buildSettings = {
				ASSETCATALOG_COMPILER_APPICON_NAME = AppIcon;
				CODE_SIGN_STYLE = Automatic;
				INFOPLIST_FILE = IOSPracticeDemo/Info.plist;
				LD_RUNPATH_SEARCH_PATHS = (
					"$(inherited)",
					"@executable_path/Frameworks",
				);
				PRODUCT_BUNDLE_IDENTIFIER = com.fudianshu.IOSPracticeDemo;
				PRODUCT_NAME = "$(TARGET_NAME)";
				TARGETED_DEVICE_FAMILY = "1,2";
			};
			name = Release;
		};
		0A798FD8222FABB200A502CB /* Debug */ = {
			isa = XCBuildConfiguration;
			buildSettings = {
				BUNDLE_LOADER = "$(TEST_HOST)";
				CODE_SIGN_STYLE = Automatic;
				INFOPLIST_FILE = IOSPracticeDemoTests/Info.plist;
				LD_RUNPATH_SEARCH_PATHS = (
					"$(inherited)",
					"@executable_path/Frameworks",
					"@loader_path/Frameworks",
				);
				PRODUCT_BUNDLE_IDENTIFIER = com.fudianshu.IOSPracticeDemoTests;
				PRODUCT_NAME = "$(TARGET_NAME)";
				TARGETED_DEVICE_FAMILY = "1,2";
				TEST_HOST = "$(BUILT_PRODUCTS_DIR)/IOSPracticeDemo.app/IOSPracticeDemo";
			};
			name = Debug;
		};
		0A798FD9222FABB200A502CB /* Release */ = {
			isa = XCBuildConfiguration;
			buildSettings = {
				BUNDLE_LOADER = "$(TEST_HOST)";
				CODE_SIGN_STYLE = Automatic;
				INFOPLIST_FILE = IOSPracticeDemoTests/Info.plist;
				LD_RUNPATH_SEARCH_PATHS = (
					"$(inherited)",
					"@executable_path/Frameworks",
					"@loader_path/Frameworks",
				);
				PRODUCT_BUNDLE_IDENTIFIER = com.fudianshu.IOSPracticeDemoTests;
				PRODUCT_NAME = "$(TARGET_NAME)";
				TARGETED_DEVICE_FAMILY = "1,2";
				TEST_HOST = "$(BUILT_PRODUCTS_DIR)/IOSPracticeDemo.app/IOSPracticeDemo";
			};
			name = Release;
		};
		0A798FDB222FABB200A502CB /* Debug */ = {
			isa = XCBuildConfiguration;
			buildSettings = {
				CODE_SIGN_STYLE = Automatic;
				INFOPLIST_FILE = IOSPracticeDemoUITests/Info.plist;
				LD_RUNPATH_SEARCH_PATHS = (
					"$(inherited)",
					"@executable_path/Frameworks",
					"@loader_path/Frameworks",
				);
				PRODUCT_BUNDLE_IDENTIFIER = com.fudianshu.IOSPracticeDemoUITests;
				PRODUCT_NAME = "$(TARGET_NAME)";
				TARGETED_DEVICE_FAMILY = "1,2";
				TEST_TARGET_NAME = IOSPracticeDemo;
			};
			name = Debug;
		};
		0A798FDC222FABB200A502CB /* Release */ = {
			isa = XCBuildConfiguration;
			buildSettings = {
				CODE_SIGN_STYLE = Automatic;
				INFOPLIST_FILE = IOSPracticeDemoUITests/Info.plist;
				LD_RUNPATH_SEARCH_PATHS = (
					"$(inherited)",
					"@executable_path/Frameworks",
					"@loader_path/Frameworks",
				);
				PRODUCT_BUNDLE_IDENTIFIER = com.fudianshu.IOSPracticeDemoUITests;
				PRODUCT_NAME = "$(TARGET_NAME)";
				TARGETED_DEVICE_FAMILY = "1,2";
				TEST_TARGET_NAME = IOSPracticeDemo;
			};
			name = Release;
		};
/* End XCBuildConfiguration section */

/* Begin XCConfigurationList section */
		0A798FA3222FABB100A502CB /* Build configuration list for PBXProject "IOSPracticeDemo" */ = {
			isa = XCConfigurationList;
			buildConfigurations = (
				0A798FD2222FABB200A502CB /* Debug */,
				0A798FD3222FABB200A502CB /* Release */,
			);
			defaultConfigurationIsVisible = 0;
			defaultConfigurationName = Release;
		};
		0A798FD4222FABB200A502CB /* Build configuration list for PBXNativeTarget "IOSPracticeDemo" */ = {
			isa = XCConfigurationList;
			buildConfigurations = (
				0A798FD5222FABB200A502CB /* Debug */,
				0A798FD6222FABB200A502CB /* Release */,
			);
			defaultConfigurationIsVisible = 0;
			defaultConfigurationName = Release;
		};
		0A798FD7222FABB200A502CB /* Build configuration list for PBXNativeTarget "IOSPracticeDemoTests" */ = {
			isa = XCConfigurationList;
			buildConfigurations = (
				0A798FD8222FABB200A502CB /* Debug */,
				0A798FD9222FABB200A502CB /* Release */,
			);
			defaultConfigurationIsVisible = 0;
			defaultConfigurationName = Release;
		};
		0A798FDA222FABB200A502CB /* Build configuration list for PBXNativeTarget "IOSPracticeDemoUITests" */ = {
			isa = XCConfigurationList;
			buildConfigurations = (
				0A798FDB222FABB200A502CB /* Debug */,
				0A798FDC222FABB200A502CB /* Release */,
			);
			defaultConfigurationIsVisible = 0;
			defaultConfigurationName = Release;
		};
/* End XCConfigurationList section */
	};
	rootObject = 0A798FA0222FABB100A502CB /* Project object */;
}
